
Microsoft Visual Studio Solution File, Format Version 12.00
# Visual Studio 15
VisualStudioVersion = 15.0.27130.2003
MinimumVisualStudioVersion = 10.0.40219.1
Project("{FAE04EC0-301F-11D3-BF4B-00C04F79EFBC}") = "SimpleCalculator", "SimpleCalculator\SimpleCalculator.csproj", "{6823AA45-88EE-4F42-B84A-EE4E26771A4C}"
EndProject
Global
	GlobalSection(SolutionConfigurationPlatforms) = preSolution
		Debug|Any CPU = Debug|Any CPU
		Release|Any CPU = Release|Any CPU
	EndGlobalSection
	GlobalSection(ProjectConfigurationPlatforms) = postSolution
		{6823AA45-88EE-4F42-B84A-EE4E26771A4C}.Debug|Any CPU.ActiveCfg = Debug|Any CPU
		{6823AA45-88EE-4F42-B84A-EE4E26771A4C}.Debug|Any CPU.Build.0 = Debug|Any CPU
		{6823AA45-88EE-4F42-B84A-EE4E26771A4C}.Release|Any CPU.ActiveCfg = Release|Any CPU
		{6823AA45-88EE-4F42-B84A-EE4E26771A4C}.Release|Any CPU.Build.0 = Release|Any CPU
	EndGlobalSection
	GlobalSection(SolutionProperties) = preSolution
		HideSolutionNode = FALSE
	EndGlobalSection
	GlobalSection(ExtensibilityGlobals) = postSolution
		SolutionGuid = {F0E5249B-9539-43AA-B15E-DB47D1611CCB}
	EndGlobalSection
EndGlobal
